
Microsoft Visual Studio Solution File, Format Version 12.00
# Visual Studio Version 17
VisualStudioVersion = 17.9.34622.214
MinimumVisualStudioVersion = 10.0.40219.1
Project("{FAE04EC0-301F-11D3-BF4B-00C04F79EFBC}") = "UdemyBiz", "UdemyBiz.csproj", "{8F6DD8D1-03D7-4D69-A2FC-F70962DD2643}"
EndProject
Global
	GlobalSection(SolutionConfigurationPlatforms) = preSolution
		Debug|Any CPU = Debug|Any CPU
		Release|Any CPU = Release|Any CPU
	EndGlobalSection
	GlobalSection(ProjectConfigurationPlatforms) = postSolution
		{8F6DD8D1-03D7-4D69-A2FC-F70962DD2643}.Debug|Any CPU.ActiveCfg = Debug|Any CPU
		{8F6DD8D1-03D7-4D69-A2FC-F70962DD2643}.Debug|Any CPU.Build.0 = Debug|Any CPU
		{8F6DD8D1-03D7-4D69-A2FC-F70962DD2643}.Release|Any CPU.ActiveCfg = Release|Any CPU
		{8F6DD8D1-03D7-4D69-A2FC-F70962DD2643}.Release|Any CPU.Build.0 = Release|Any CPU
	EndGlobalSection
	GlobalSection(SolutionProperties) = preSolution
		HideSolutionNode = FALSE
	EndGlobalSection
	GlobalSection(ExtensibilityGlobals) = postSolution
		SolutionGuid = {263496A6-F900-4966-BBC0-F5683DCFFB4E}
	EndGlobalSection
EndGlobal
